
Microsoft Visual Studio Solution File, Format Version 12.00
# Visual Studio Version 16
VisualStudioVersion = 16.0.34407.143
MinimumVisualStudioVersion = 10.0.40219.1
Project("{FAE04EC0-301F-11D3-BF4B-00C04F79EFBC}") = "Random Number Finder", "Random Number Finder\Random Number Finder.csproj", "{09D521FD-D6FD-4CCC-8404-D4FC997B22A3}"
EndProject
Global
	GlobalSection(SolutionConfigurationPlatforms) = preSolution
		Debug|Any CPU = Debug|Any CPU
		Release|Any CPU = Release|Any CPU
	EndGlobalSection
	GlobalSection(ProjectConfigurationPlatforms) = postSolution
		{09D521FD-D6FD-4CCC-8404-D4FC997B22A3}.Debug|Any CPU.ActiveCfg = Debug|Any CPU
		{09D521FD-D6FD-4CCC-8404-D4FC997B22A3}.Debug|Any CPU.Build.0 = Debug|Any CPU
		{09D521FD-D6FD-4CCC-8404-D4FC997B22A3}.Release|Any CPU.ActiveCfg = Release|Any CPU
		{09D521FD-D6FD-4CCC-8404-D4FC997B22A3}.Release|Any CPU.Build.0 = Release|Any CPU
	EndGlobalSection
	GlobalSection(SolutionProperties) = preSolution
		HideSolutionNode = FALSE
	EndGlobalSection
	GlobalSection(ExtensibilityGlobals) = postSolution
		SolutionGuid = {B9CDA27B-ACE1-4B2A-9192-AB039E4270BB}
	EndGlobalSection
EndGlobal
